
Microsoft Visual Studio Solution File, Format Version 12.00
# Visual Studio 15
VisualStudioVersion = 15.0.28307.1525
MinimumVisualStudioVersion = 10.0.40219.1
Project("{FAE04EC0-301F-11D3-BF4B-00C04F79EFBC}") = "Paint", "Paint\Paint.csproj", "{5F3775E1-CEB8-49F3-B691-4E7CAD0B7473}"
EndProject
Global
	GlobalSection(SolutionConfigurationPlatforms) = preSolution
		Debug|Any CPU = Debug|Any CPU
		Release|Any CPU = Release|Any CPU
	EndGlobalSection
	GlobalSection(ProjectConfigurationPlatforms) = postSolution
		{5F3775E1-CEB8-49F3-B691-4E7CAD0B7473}.Debug|Any CPU.ActiveCfg = Debug|Any CPU
		{5F3775E1-CEB8-49F3-B691-4E7CAD0B7473}.Debug|Any CPU.Build.0 = Debug|Any CPU
		{5F3775E1-CEB8-49F3-B691-4E7CAD0B7473}.Release|Any CPU.ActiveCfg = Release|Any CPU
		{5F3775E1-CEB8-49F3-B691-4E7CAD0B7473}.Release|Any CPU.Build.0 = Release|Any CPU
	EndGlobalSection
	GlobalSection(SolutionProperties) = preSolution
		HideSolutionNode = FALSE
	EndGlobalSection
	GlobalSection(ExtensibilityGlobals) = postSolution
		SolutionGuid = {C14AF2BE-1B39-479D-B9FF-9752EF422244}
	EndGlobalSection
EndGlobal
